lockfile_version: '1'
generated_at: '2026-10-03T19:15:13.755683+00:00'
apm_version: 0.31.0
dependencies:
- repo_url: _local/manga-rss-bridge
  name: manga-rss-bridge
  version: unknown
  package_type: claude_skill
  deployed_files:
  - .agents/skills/manga-rss-bridge
  - .agents/skills/manga-rss-bridge/SKILL.md
  - .agents/skills/manga-rss-bridge/agents/openai.yaml
  - .agents/skills/manga-rss-bridge/references/usage.md
  - .agents/skills/manga-rss-bridge/scripts/generate_freshrss_opml.mts
  deployed_file_hashes:
    .agents/skills/manga-rss-bridge/SKILL.md: sha256:2f919d8829fb0e9b73d44c97b6732328694b7275838651d858aab93e89d2864e
    .agents/skills/manga-rss-bridge/agents/openai.yaml: sha256:3eea5be52a31f87486d5079f543c9aba0fbae0c5451b9abc7ed9eec9a3985059
    .agents/skills/manga-rss-bridge/references/usage.md: sha256:dc339cadc8719fa0fc33b5238a96e30b863bec71b8f949eb4e0205086cac249c
    .agents/skills/manga-rss-bridge/scripts/generate_freshrss_opml.mts: sha256:02ade2fbc027b78eee46cf4fc868e77a10e2a3b1fa4fcc2d1260a78fae3dafd0
  source: local
  local_path: ./.apm/skills/manga-rss-bridge
deployments:
- kind: project-relative
  target: codex
  value: .agents/skills/manga-rss-bridge
  runtime: null
  scope: project
  owners:
  - ./.apm/skills/manga-rss-bridge
  - .
  active_owner: ./.apm/skills/manga-rss-bridge
  content_hash: null
- kind: project-relative
  target: codex
  value: .agents/skills/manga-rss-bridge/SKILL.md
  runtime: null
  scope: project
  owners:
  - ./.apm/skills/manga-rss-bridge
  - .
  active_owner: ./.apm/skills/manga-rss-bridge
  content_hash: sha256:2f919d8829fb0e9b73d44c97b6732328694b7275838651d858aab93e89d2864e
- kind: project-relative
  target: codex
  value: .agents/skills/manga-rss-bridge/agents/openai.yaml
  runtime: null
  scope: project
  owners:
  - ./.apm/skills/manga-rss-bridge
  - .
  active_owner: ./.apm/skills/manga-rss-bridge
  content_hash: sha256:3eea5be52a31f87486d5079f543c9aba0fbae0c5451b9abc7ed9eec9a3985059
- kind: project-relative
  target: codex
  value: .agents/skills/manga-rss-bridge/references/usage.md
  runtime: null
  scope: project
  owners:
  - ./.apm/skills/manga-rss-bridge
  - .
  active_owner: ./.apm/skills/manga-rss-bridge
  content_hash: sha256:dc339cadc8719fa0fc33b5238a96e30b863bec71b8f949eb4e0205086cac249c
- kind: project-relative
  target: codex
  value: .agents/skills/manga-rss-bridge/scripts/generate_freshrss_opml.mts
  runtime: null
  scope: project
  owners:
  - ./.apm/skills/manga-rss-bridge
  - .
  active_owner: ./.apm/skills/manga-rss-bridge
  content_hash: sha256:02ade2fbc027b78eee46cf4fc868e77a10e2a3b1fa4fcc2d1260a78fae3dafd0
local_deployed_files:
- .agents/skills/manga-rss-bridge
- .agents/skills/manga-rss-bridge/SKILL.md
- .agents/skills/manga-rss-bridge/agents/openai.yaml
- .agents/skills/manga-rss-bridge/references/usage.md
- .agents/skills/manga-rss-bridge/scripts/generate_freshrss_opml.mts
local_deployed_file_hashes:
  .agents/skills/manga-rss-bridge/SKILL.md: sha256:2f919d8829fb0e9b73d44c97b6732328694b7275838651d858aab93e89d2864e
  .agents/skills/manga-rss-bridge/agents/openai.yaml: sha256:3eea5be52a31f87486d5079f543c9aba0fbae0c5451b9abc7ed9eec9a3985059
  .agents/skills/manga-rss-bridge/references/usage.md: sha256:dc339cadc8719fa0fc33b5238a96e30b863bec71b8f949eb4e0205086cac249c
  .agents/skills/manga-rss-bridge/scripts/generate_freshrss_opml.mts: sha256:02ade2fbc027b78eee46cf4fc868e77a10e2a3b1fa4fcc2d1260a78fae3dafd0
