lockfile_version: '1'
generated_at: '2026-10-03T15:58:24.621032+00:00'
apm_version: 0.31.0
dependencies:
- repo_url: _local/manga-rss-bridge
  name: manga-rss-bridge
  version: unknown
  package_type: claude_skill
  deployed_files:
  - .agents/skills/manga-rss-bridge
  - .agents/skills/manga-rss-bridge/SKILL.md
  - .agents/skills/manga-rss-bridge/agents/openai.yaml
  - .agents/skills/manga-rss-bridge/references/usage.md
  - .agents/skills/manga-rss-bridge/scripts/generate_freshrss_opml.mts
  deployed_file_hashes:
    .agents/skills/manga-rss-bridge/SKILL.md: sha256:03fdda921f09e74c7f7f7a7eba3b2b06e24e9fd45945eed2e79af2ace0008538
    .agents/skills/manga-rss-bridge/agents/openai.yaml: sha256:3eea5be52a31f87486d5079f543c9aba0fbae0c5451b9abc7ed9eec9a3985059
    .agents/skills/manga-rss-bridge/references/usage.md: sha256:17bfd20eee6bf0a3636a566f5c2372975ab2a7e5a8412853211568f05b28dbb2
    .agents/skills/manga-rss-bridge/scripts/generate_freshrss_opml.mts: sha256:9cf005c3f48e8a647f093fd15fd25f18f514b49767e729e592bcfbee16b60b40
  source: local
  local_path: ./.apm/skills/manga-rss-bridge
deployments:
- kind: project-relative
  target: codex
  value: .agents/skills/manga-rss-bridge
  runtime: null
  scope: project
  owners:
  - ./.apm/skills/manga-rss-bridge
  - .
  active_owner: ./.apm/skills/manga-rss-bridge
  content_hash: null
- kind: project-relative
  target: codex
  value: .agents/skills/manga-rss-bridge/SKILL.md
  runtime: null
  scope: project
  owners:
  - ./.apm/skills/manga-rss-bridge
  - .
  active_owner: ./.apm/skills/manga-rss-bridge
  content_hash: sha256:03fdda921f09e74c7f7f7a7eba3b2b06e24e9fd45945eed2e79af2ace0008538
- kind: project-relative
  target: codex
  value: .agents/skills/manga-rss-bridge/agents/openai.yaml
  runtime: null
  scope: project
  owners:
  - ./.apm/skills/manga-rss-bridge
  - .
  active_owner: ./.apm/skills/manga-rss-bridge
  content_hash: sha256:3eea5be52a31f87486d5079f543c9aba0fbae0c5451b9abc7ed9eec9a3985059
- kind: project-relative
  target: codex
  value: .agents/skills/manga-rss-bridge/references/usage.md
  runtime: null
  scope: project
  owners:
  - ./.apm/skills/manga-rss-bridge
  - .
  active_owner: ./.apm/skills/manga-rss-bridge
  content_hash: sha256:17bfd20eee6bf0a3636a566f5c2372975ab2a7e5a8412853211568f05b28dbb2
- kind: project-relative
  target: codex
  value: .agents/skills/manga-rss-bridge/scripts/generate_freshrss_opml.mts
  runtime: null
  scope: project
  owners:
  - ./.apm/skills/manga-rss-bridge
  - .
  active_owner: ./.apm/skills/manga-rss-bridge
  content_hash: sha256:9cf005c3f48e8a647f093fd15fd25f18f514b49767e729e592bcfbee16b60b40
local_deployed_files:
- .agents/skills/manga-rss-bridge
- .agents/skills/manga-rss-bridge/SKILL.md
- .agents/skills/manga-rss-bridge/agents/openai.yaml
- .agents/skills/manga-rss-bridge/references/usage.md
- .agents/skills/manga-rss-bridge/scripts/generate_freshrss_opml.mts
local_deployed_file_hashes:
  .agents/skills/manga-rss-bridge/SKILL.md: sha256:03fdda921f09e74c7f7f7a7eba3b2b06e24e9fd45945eed2e79af2ace0008538
  .agents/skills/manga-rss-bridge/agents/openai.yaml: sha256:3eea5be52a31f87486d5079f543c9aba0fbae0c5451b9abc7ed9eec9a3985059
  .agents/skills/manga-rss-bridge/references/usage.md: sha256:17bfd20eee6bf0a3636a566f5c2372975ab2a7e5a8412853211568f05b28dbb2
  .agents/skills/manga-rss-bridge/scripts/generate_freshrss_opml.mts: sha256:9cf005c3f48e8a647f093fd15fd25f18f514b49767e729e592bcfbee16b60b40
